
Microsoft Visual Studio Solution File, Format Version 12.00
# Visual Studio Version 17
VisualStudioVersion = 17.0.32014.148
MinimumVisualStudioVersion = 10.0.40219.1
Project("{FAE04EC0-301F-11D3-BF4B-00C04F79EFBC}") = "MatchGame", "MatchGame\MatchGame.csproj", "{60FF494E-8F96-4D02-8CC9-6455D0A10F66}"
EndProject
Global
	GlobalSection(SolutionConfigurationPlatforms) = preSolution
		Debug|Any CPU = Debug|Any CPU
		Release|Any CPU = Release|Any CPU
	EndGlobalSection
	GlobalSection(ProjectConfigurationPlatforms) = postSolution
		{60FF494E-8F96-4D02-8CC9-6455D0A10F66}.Debug|Any CPU.ActiveCfg = Debug|Any CPU
		{60FF494E-8F96-4D02-8CC9-6455D0A10F66}.Debug|Any CPU.Build.0 = Debug|Any CPU
		{60FF494E-8F96-4D02-8CC9-6455D0A10F66}.Release|Any CPU.ActiveCfg = Release|Any CPU
		{60FF494E-8F96-4D02-8CC9-6455D0A10F66}.Release|Any CPU.Build.0 = Release|Any CPU
	EndGlobalSection
	GlobalSection(SolutionProperties) = preSolution
		HideSolutionNode = FALSE
	EndGlobalSection
	GlobalSection(ExtensibilityGlobals) = postSolution
		SolutionGuid = {E3D2E1FD-82CC-458E-8BE6-BEBA06F0B470}
	EndGlobalSection
EndGlobal
